// !$*UTF8*$!
{
	archiveVersion = 1;
	classes = {
	};
	objectVersion = 46;
	objects = {

/* Begin PBXBuildFile section */
		51D14D8119AFBC5C004B1074 /* AppDelegate.swift in Sources */ = {isa = PBXBuildFile; fileRef = 51D14D8019AFBC5C004B1074 /* AppDelegate.swift */; };
		51D14D8319AFBC5C004B1074 /* ViewController.swift in Sources */ = {isa = PBXBuildFile; fileRef = 51D14D8219AFBC5C004B1074 /* ViewController.swift */; };
		51D14D8619AFBC5C004B1074 /* Main.storyboard in Resources */ = {isa = PBXBuildFile; fileRef = 51D14D8419AFBC5C004B1074 /* Main.storyboard */; };
		51D14D8819AFBC5C004B1074 /* Images.xcassets in Resources */ = {isa = PBXBuildFile; fileRef = 51D14D8719AFBC5C004B1074 /* Images.xcassets */; };
		51D14D9419AFBC5C004B1074 /* SimpleAnimationsTests.swift in Sources */ = {isa = PBXBuildFile; fileRef = 51D14D9319AFBC5C004B1074 /* SimpleAnimationsTests.swift */; };
/* End PBXBuildFile section */

/* Begin PBXContainerItemProxy section */
		51D14D8E19AFBC5C004B1074 /* PBXContainerItemProxy */ = {
			isa = PBXContainerItemProxy;
			containerPortal = 51D14D7319AFBC5C004B1074 /* Project object */;
			proxyType = 1;
			remoteGlobalIDString = 51D14D7A19AFBC5C004B1074;
			remoteInfo = SimpleAnimations;
		};
/* End PBXContainerItemProxy section */

/* Begin PBXFileReference section */
		51D14D7B19AFBC5C004B1074 /* SimpleAnimations.app */ = {isa = PBXFileReference; explicitFileType = wrapper.application; includeInIndex = 0; path = SimpleAnimations.app; sourceTree = BUILT_PRODUCTS_DIR; };
		51D14D7F19AFBC5C004B1074 /* Info.plist */ = {isa = PBXFileReference; lastKnownFileType = text.plist.xml; path = Info.plist; sourceTree = "<group>"; };
		51D14D8019AFBC5C004B1074 /* AppDelegate.swift */ = {isa = PBXFileReference; lastKnownFileType = sourcecode.swift; path = AppDelegate.swift; sourceTree = "<group>"; };
		51D14D8219AFBC5C004B1074 /* ViewController.swift */ = {isa = PBXFileReference; lastKnownFileType = sourcecode.swift; path = ViewController.swift; sourceTree = "<group>"; };
		51D14D8519AFBC5C004B1074 /* Base */ = {isa = PBXFileReference; lastKnownFileType = file.storyboard; name = Base; path = Base.lproj/Main.storyboard; sourceTree = "<group>"; };
		51D14D8719AFBC5C004B1074 /* Images.xcassets */ = {isa = PBXFileReference; lastKnownFileType = folder.assetcatalog; path = Images.xcassets; sourceTree = "<group>"; };
		51D14D8D19AFBC5C004B1074 /* SimpleAnimationsTests.xctest */ = {isa = PBXFileReference; explicitFileType = wrapper.cfbundle; includeInIndex = 0; path = SimpleAnimationsTests.xctest; sourceTree = BUILT_PRODUCTS_DIR; };
		51D14D9219AFBC5C004B1074 /* Info.plist */ = {isa = PBXFileReference; lastKnownFileType = text.plist.xml; path = Info.plist; sourceTree = "<group>"; };
		51D14D9319AFBC5C004B1074 /* SimpleAnimationsTests.swift */ = {isa = PBXFileReference; lastKnownFileType = sourcecode.swift; path = SimpleAnimationsTests.swift; sourceTree = "<group>"; };
/* End PBXFileReference section */

/* Begin PBXFrameworksBuildPhase section */
		51D14D7819AFBC5C004B1074 /* Frameworks */ = {
			isa = PBXFrameworksBuildPhase;
			buildActionMask = 2147483647;
			files = (
			);
			runOnlyForDeploymentPostprocessing = 0;
		};
		51D14D8A19AFBC5C004B1074 /* Frameworks */ = {
			isa = PBXFrameworksBuildPhase;
			buildActionMask = 2147483647;
			files = (
			);
			runOnlyForDeploymentPostprocessing = 0;
		};
/* End PBXFrameworksBuildPhase section */

/* Begin PBXGroup section */
		51D14D7219AFBC5C004B1074 = {
			isa = PBXGroup;
			children = (
				51D14D7D19AFBC5C004B1074 /* SimpleAnimations */,
				51D14D9019AFBC5C004B1074 /* SimpleAnimationsTests */,
				51D14D7C19AFBC5C004B1074 /* Products */,
			);
			sourceTree = "<group>";
		};
		51D14D7C19AFBC5C004B1074 /* Products */ = {
			isa = PBXGroup;
			children = (
				51D14D7B19AFBC5C004B1074 /* SimpleAnimations.app */,
				51D14D8D19AFBC5C004B1074 /* SimpleAnimationsTests.xctest */,
			);
			name = Products;
			sourceTree = "<group>";
		};
		51D14D7D19AFBC5C004B1074 /* SimpleAnimations */ = {
			isa = PBXGroup;
			children = (
				51D14D8019AFBC5C004B1074 /* AppDelegate.swift */,
				51D14D8219AFBC5C004B1074 /* ViewController.swift */,
				51D14D8419AFBC5C004B1074 /* Main.storyboard */,
				51D14D8719AFBC5C004B1074 /* Images.xcassets */,
				51D14D7E19AFBC5C004B1074 /* Supporting Files */,
			);
			path = SimpleAnimations;
			sourceTree = "<group>";
		};
		51D14D7E19AFBC5C004B1074 /* Supporting Files */ = {
			isa = PBXGroup;
			children = (
				51D14D7F19AFBC5C004B1074 /* Info.plist */,
			);
			name = "Supporting Files";
			sourceTree = "<group>";
		};
		51D14D9019AFBC5C004B1074 /* SimpleAnimationsTests */ = {
			isa = PBXGroup;
			children = (
				51D14D9319AFBC5C004B1074 /* SimpleAnimationsTests.swift */,
				51D14D9119AFBC5C004B1074 /* Supporting Files */,
			);
			path = SimpleAnimationsTests;
			sourceTree = "<group>";
		};
		51D14D9119AFBC5C004B1074 /* Supporting Files */ = {
			isa = PBXGroup;
			children = (
				51D14D9219AFBC5C004B1074 /* Info.plist */,
			);
			name = "Supporting Files";
			sourceTree = "<group>";
		};
/* End PBXGroup section */

/* Begin PBXNativeTarget section */
		51D14D7A19AFBC5C004B1074 /* SimpleAnimations */ = {
			isa = PBXNativeTarget;
			buildConfigurationList = 51D14D9719AFBC5C004B1074 /* Build configuration list for PBXNativeTarget "SimpleAnimations" */;
			buildPhases = (
				51D14D7719AFBC5C004B1074 /* Sources */,
				51D14D7819AFBC5C004B1074 /* Frameworks */,
				51D14D7919AFBC5C004B1074 /* Resources */,
			);
			buildRules = (
			);
			dependencies = (
			);
			name = SimpleAnimations;
			productName = SimpleAnimations;
			productReference = 51D14D7B19AFBC5C004B1074 /* SimpleAnimations.app */;
			productType = "com.apple.product-type.application";
		};
		51D14D8C19AFBC5C004B1074 /* SimpleAnimationsTests */ = {
			isa = PBXNativeTarget;
			buildConfigurationList = 51D14D9A19AFBC5C004B1074 /* Build configuration list for PBXNativeTarget "SimpleAnimationsTests" */;
			buildPhases = (
				51D14D8919AFBC5C004B1074 /* Sources */,
				51D14D8A19AFBC5C004B1074 /* Frameworks */,
				51D14D8B19AFBC5C004B1074 /* Resources */,
			);
			buildRules = (
			);
			dependencies = (
				51D14D8F19AFBC5C004B1074 /* PBXTargetDependency */,
			);
			name = SimpleAnimationsTests;
			productName = SimpleAnimationsTests;
			productReference = 51D14D8D19AFBC5C004B1074 /* SimpleAnimationsTests.xctest */;
			productType = "com.apple.product-type.bundle.unit-test";
		};
/* End PBXNativeTarget section */

/* Begin PBXProject section */
		51D14D7319AFBC5C004B1074 /* Project object */ = {
			isa = PBXProject;
			attributes = {
				LastUpgradeCheck = 0600;
				ORGANIZATIONNAME = "Mazharul Huq";
				TargetAttributes = {
					51D14D7A19AFBC5C004B1074 = {
						CreatedOnToolsVersion = 6.0;
					};
					51D14D8C19AFBC5C004B1074 = {
						CreatedOnToolsVersion = 6.0;
						TestTargetID = 51D14D7A19AFBC5C004B1074;
					};
				};
			};
			buildConfigurationList = 51D14D7619AFBC5C004B1074 /* Build configuration list for PBXProject "SimpleAnimations" */;
			compatibilityVersion = "Xcode 3.2";
			developmentRegion = English;
			hasScannedForEncodings = 0;
			knownRegions = (
				en,
				Base,
			);
			mainGroup = 51D14D7219AFBC5C004B1074;
			productRefGroup = 51D14D7C19AFBC5C004B1074 /* Products */;
			projectDirPath = "";
			projectRoot = "";
			targets = (
				51D14D7A19AFBC5C004B1074 /* SimpleAnimations */,
				51D14D8C19AFBC5C004B1074 /* SimpleAnimationsTests */,
			);
		};
/* End PBXProject section */

/* Begin PBXResourcesBuildPhase section */
		51D14D7919AFBC5C004B1074 /* Resources */ = {
			isa = PBXResourcesBuildPhase;
			buildActionMask = 2147483647;
			files = (
				51D14D8619AFBC5C004B1074 /* Main.storyboard in Resources */,
				51D14D8819AFBC5C004B1074 /* Images.xcassets in Resources */,
			);
			runOnlyForDeploymentPostprocessing = 0;
		};
		51D14D8B19AFBC5C004B1074 /* Resources */ = {
			isa = PBXResourcesBuildPhase;
			buildActionMask = 2147483647;
			files = (
			);
			runOnlyForDeploymentPostprocessing = 0;
		};
/* End PBXResourcesBuildPhase section */

/* Begin PBXSourcesBuildPhase section */
		51D14D7719AFBC5C004B1074 /* Sources */ = {
			isa = PBXSourcesBuildPhase;
			buildActionMask = 2147483647;
			files = (
				51D14D8319AFBC5C004B1074 /* ViewController.swift in Sources */,
				51D14D8119AFBC5C004B1074 /* AppDelegate.swift in Sources */,
			);
			runOnlyForDeploymentPostprocessing = 0;
		};
		51D14D8919AFBC5C004B1074 /* Sources */ = {
			isa = PBXSourcesBuildPhase;
			buildActionMask = 2147483647;
			files = (
				51D14D9419AFBC5C004B1074 /* SimpleAnimationsTests.swift in Sources */,
			);
			runOnlyForDeploymentPostprocessing = 0;
		};
/* End PBXSourcesBuildPhase section */

/* Begin PBXTargetDependency section */
		51D14D8F19AFBC5C004B1074 /* PBXTargetDependency */ = {
			isa = PBXTargetDependency;
			target = 51D14D7A19AFBC5C004B1074 /* SimpleAnimations */;
			targetProxy = 51D14D8E19AFBC5C004B1074 /* PBXContainerItemProxy */;
		};
/* End PBXTargetDependency section */

/* Begin PBXVariantGroup section */
		51D14D8419AFBC5C004B1074 /* Main.storyboard */ = {
			isa = PBXVariantGroup;
			children = (
				51D14D8519AFBC5C004B1074 /* Base */,
			);
			name = Main.storyboard;
			sourceTree = "<group>";
		};
/* End PBXVariantGroup section */

/* Begin XCBuildConfiguration section */
		51D14D9519AFBC5C004B1074 /* Debug */ = {
			isa = XCBuildConfiguration;
			buildSettings = {
				ALWAYS_SEARCH_USER_PATHS = NO;
				CLANG_CXX_LANGUAGE_STANDARD = "gnu++0x";
				CLANG_CXX_LIBRARY = "libc++";
				CLANG_ENABLE_MODULES = YES;
				CLANG_ENABLE_OBJC_ARC = YES;
				CLANG_WARN_BOOL_CONVERSION = YES;
				CLANG_WARN_CONSTANT_CONVERSION = YES;
				CLANG_WARN_DIRECT_OBJC_ISA_USAGE = YES_ERROR;
				CLANG_WARN_EMPTY_BODY = YES;
				CLANG_WARN_ENUM_CONVERSION = YES;
				CLANG_WARN_INT_CONVERSION = YES;
				CLANG_WARN_OBJC_ROOT_CLASS = YES_ERROR;
				CLANG_WARN_UNREACHABLE_CODE = YES;
				CLANG_WARN__DUPLICATE_METHOD_MATCH = YES;
				"CODE_SIGN_IDENTITY[sdk=iphoneos*]" = "iPhone Developer";
				COPY_PHASE_STRIP = NO;
				ENABLE_STRICT_OBJC_MSGSEND = YES;
				GCC_C_LANGUAGE_STANDARD = gnu99;
				GCC_DYNAMIC_NO_PIC = NO;
				GCC_OPTIMIZATION_LEVEL = 0;
				GCC_PREPROCESSOR_DEFINITIONS = (
					"DEBUG=1",
					"$(inherited)",
				);
				GCC_SYMBOLS_PRIVATE_EXTERN = NO;
				GCC_WARN_64_TO_32_BIT_CONVERSION = YES;
				GCC_WARN_ABOUT_RETURN_TYPE = YES_ERROR;
				GCC_WARN_UNDECLARED_SELECTOR = YES;
				GCC_WARN_UNINITIALIZED_AUTOS = YES_AGGRESSIVE;
				GCC_WARN_UNUSED_FUNCTION = YES;
				GCC_WARN_UNUSED_VARIABLE = YES;
				IPHONEOS_DEPLOYMENT_TARGET = 8.0;
				MTL_ENABLE_DEBUG_INFO = YES;
				ONLY_ACTIVE_ARCH = YES;
				SDKROOT = iphoneos;
				SWIFT_OPTIMIZATION_LEVEL = "-Onone";
				TARGETED_DEVICE_FAMILY = 2;
			};
			name = Debug;
		};
		51D14D9619AFBC5C004B1074 /* Release */ = {
			isa = XCBuildConfiguration;
			buildSettings = {
				ALWAYS_SEARCH_USER_PATHS = NO;
				CLANG_CXX_LANGUAGE_STANDARD = "gnu++0x";
				CLANG_CXX_LIBRARY = "libc++";
				CLANG_ENABLE_MODULES = YES;
				CLANG_ENABLE_OBJC_ARC = YES;
				CLANG_WARN_BOOL_CONVERSION = YES;
				CLANG_WARN_CONSTANT_CONVERSION = YES;
				CLANG_WARN_DIRECT_OBJC_ISA_USAGE = YES_ERROR;
				CLANG_WARN_EMPTY_BODY = YES;
				CLANG_WARN_ENUM_CONVERSION = YES;
				CLANG_WARN_INT_CONVERSION = YES;
				CLANG_WARN_OBJC_ROOT_CLASS = YES_ERROR;
				CLANG_WARN_UNREACHABLE_CODE = YES;
				CLANG_WARN__DUPLICATE_METHOD_MATCH = YES;
				"CODE_SIGN_IDENTITY[sdk=iphoneos*]" = "iPhone Developer";
				COPY_PHASE_STRIP = YES;
				ENABLE_NS_ASSERTIONS = NO;
				ENABLE_STRICT_OBJC_MSGSEND = YES;
				GCC_C_LANGUAGE_STANDARD = gnu99;
				GCC_WARN_64_TO_32_BIT_CONVERSION = YES;
				GCC_WARN_ABOUT_RETURN_TYPE = YES_ERROR;
				GCC_WARN_UNDECLARED_SELECTOR = YES;
				GCC_WARN_UNINITIALIZED_AUTOS = YES_AGGRESSIVE;
				GCC_WARN_UNUSED_FUNCTION = YES;
				GCC_WARN_UNUSED_VARIABLE = YES;
				IPHONEOS_DEPLOYMENT_TARGET = 8.0;
				MTL_ENABLE_DEBUG_INFO = NO;
				SDKROOT = iphoneos;
				TARGETED_DEVICE_FAMILY = 2;
				VALIDATE_PRODUCT = YES;
			};
			name = Release;
		};
		51D14D9819AFBC5C004B1074 /* Debug */ = {
			isa = XCBuildConfiguration;
			buildSettings = {
				ASSETCATALOG_COMPILER_APPICON_NAME = AppIcon;
				ASSETCATALOG_COMPILER_LAUNCHIMAGE_NAME = LaunchImage;
				INFOPLIST_FILE = SimpleAnimations/Info.plist;
				LD_RUNPATH_SEARCH_PATHS = "$(inherited) @executable_path/Frameworks";
				PRODUCT_NAME = "$(TARGET_NAME)";
			};
			name = Debug;
		};
		51D14D9919AFBC5C004B1074 /* Release */ = {
			isa = XCBuildConfiguration;
			buildSettings = {
				ASSETCATALOG_COMPILER_APPICON_NAME = AppIcon;
				ASSETCATALOG_COMPILER_LAUNCHIMAGE_NAME = LaunchImage;
				INFOPLIST_FILE = SimpleAnimations/Info.plist;
				LD_RUNPATH_SEARCH_PATHS = "$(inherited) @executable_path/Frameworks";
				PRODUCT_NAME = "$(TARGET_NAME)";
			};
			name = Release;
		};
		51D14D9B19AFBC5C004B1074 /* Debug */ = {
			isa = XCBuildConfiguration;
			buildSettings = {
				BUNDLE_LOADER = "$(TEST_HOST)";
				FRAMEWORK_SEARCH_PATHS = (
					"$(SDKROOT)/Developer/Library/Frameworks",
					"$(inherited)",
				);
				GCC_PREPROCESSOR_DEFINITIONS = (
					"DEBUG=1",
					"$(inherited)",
				);
				INFOPLIST_FILE = SimpleAnimationsTests/Info.plist;
				LD_RUNPATH_SEARCH_PATHS = "$(inherited) @executable_path/Frameworks @loader_path/Frameworks";
				PRODUCT_NAME = "$(TARGET_NAME)";
				TEST_HOST = "$(BUILT_PRODUCTS_DIR)/SimpleAnimations.app/SimpleAnimations";
			};
			name = Debug;
		};
		51D14D9C19AFBC5C004B1074 /* Release */ = {
			isa = XCBuildConfiguration;
			buildSettings = {
				BUNDLE_LOADER = "$(TEST_HOST)";
				FRAMEWORK_SEARCH_PATHS = (
					"$(SDKROOT)/Developer/Library/Frameworks",
					"$(inherited)",
				);
				INFOPLIST_FILE = SimpleAnimationsTests/Info.plist;
				LD_RUNPATH_SEARCH_PATHS = "$(inherited) @executable_path/Frameworks @loader_path/Frameworks";
				PRODUCT_NAME = "$(TARGET_NAME)";
				TEST_HOST = "$(BUILT_PRODUCTS_DIR)/SimpleAnimations.app/SimpleAnimations";
			};
			name = Release;
		};
/* End XCBuildConfiguration section */

/* Begin XCConfigurationList section */
		51D14D7619AFBC5C004B1074 /* Build configuration list for PBXProject "SimpleAnimations" */ = {
			isa = XCConfigurationList;
			buildConfigurations = (
				51D14D9519AFBC5C004B1074 /* Debug */,
				51D14D9619AFBC5C004B1074 /* Release */,
			);
			defaultConfigurationIsVisible = 0;
			defaultConfigurationName = Release;
		};
		51D14D9719AFBC5C004B1074 /* Build configuration list for PBXNativeTarget "SimpleAnimations" */ = {
			isa = XCConfigurationList;
			buildConfigurations = (
				51D14D9819AFBC5C004B1074 /* Debug */,
				51D14D9919AFBC5C004B1074 /* Release */,
			);
			defaultConfigurationIsVisible = 0;
		};
		51D14D9A19AFBC5C004B1074 /* Build configuration list for PBXNativeTarget "SimpleAnimationsTests" */ = {
			isa = XCConfigurationList;
			buildConfigurations = (
				51D14D9B19AFBC5C004B1074 /* Debug */,
				51D14D9C19AFBC5C004B1074 /* Release */,
			);
			defaultConfigurationIsVisible = 0;
		};
/* End XCConfigurationList section */
	};
	rootObject = 51D14D7319AFBC5C004B1074 /* Project object */;
}
